<?xml version="1.0" encoding="utf-8"?>
<Project ToolsVersion="4.0" xmlns="http://schemas.microsoft.com/developer/msbuild/2003">
  <ItemGroup>
    <Filter Include="Source Files">
      <UniqueIdentifier>{4FC737F1-C7A5-4376-A066-2A32D752A2FF}</UniqueIdentifier>
      <Extensions>cpp;c;cc;cxx;def;odl;idl;hpj;bat;asm;asmx</Extensions>
    </Filter>
    <Filter Include="Header Files">
      <UniqueIdentifier>{93995380-89BD-4b04-88EB-625FBE52EBFB}</UniqueIdentifier>
      <Extensions>h;hh;hpp;hxx;hm;inl;inc;xsd</Extensions>
    </Filter>
    <Filter Include="Resource Files">
      <UniqueIdentifier>{67DA6AB6-F800-4c08-8B7A-83BB121AAD01}</UniqueIdentifier>
      <Extensions>rc;ico;cur;bmp;dlg;rc2;rct;bin;rgs;gif;jpg;jpeg;jpe;resx;tiff;tif;png;wav</Extensions>
    </Filter>
  </ItemGroup>
  <ItemGroup>
    <ClCompile Include="..\the shootout\Agent.cpp">
      <Filter>Source Files</Filter>
    </ClCompile>
    <ClCompile Include="..\the shootout\AgentSecret.cpp">
      <Filter>Source Files</Filter>
    </ClCompile>
    <ClCompile Include="..\the shootout\Arma.cpp">
      <Filter>Source Files</Filter>
    </ClCompile>
    <ClCompile Include="..\the shootout\Armura.cpp">
      <Filter>Source Files</Filter>
    </ClCompile>
    <ClCompile Include="..\the shootout\Camuflaj.cpp">
      <Filter>Source Files</Filter>
    </ClCompile>
    <ClCompile Include="..\the shootout\GameController.cpp">
      <Filter>Source Files</Filter>
    </ClCompile>
    <ClCompile Include="..\the shootout\Harta.cpp">
      <Filter>Source Files</Filter>
    </ClCompile>
    <ClCompile Include="..\the shootout\Katana.cpp">
      <Filter>Source Files</Filter>
    </ClCompile>
    <ClCompile Include="..\the shootout\Kimono.cpp">
      <Filter>Source Files</Filter>
    </ClCompile>
    <ClCompile Include="..\the shootout\main.cpp">
      <Filter>Source Files</Filter>
    </ClCompile>
    <ClCompile Include="..\the shootout\Ninja.cpp">
      <Filter>Source Files</Filter>
    </ClCompile>
    <ClCompile Include="..\the shootout\Pistol.cpp">
      <Filter>Source Files</Filter>
    </ClCompile>
    <ClCompile Include="..\the shootout\Samurai.cpp">
      <Filter>Source Files</Filter>
    </ClCompile>
    <ClCompile Include="..\the shootout\Shuriken.cpp">
      <Filter>Source Files</Filter>
    </ClCompile>
    <ClCompile Include="..\the shootout\Temp.cpp">
      <Filter>Source Files</Filter>
    </ClCompile>
    <ClCompile Include="..\the shootout\VestaAntiglont.cpp">
      <Filter>Source Files</Filter>
    </ClCompile>
  </ItemGroup>
  <ItemGroup>
    <ClInclude Include="..\the shootout\Agent.h">
      <Filter>Header Files</Filter>
    </ClInclude>
    <ClInclude Include="..\the shootout\AgentSecret.h">
      <Filter>Header Files</Filter>
    </ClInclude>
    <ClInclude Include="..\the shootout\Arma.h">
      <Filter>Header Files</Filter>
    </ClInclude>
    <ClInclude Include="..\the shootout\Armura.h">
      <Filter>Header Files</Filter>
    </ClInclude>
    <ClInclude Include="..\the shootout\Camuflaj.h">
      <Filter>Header Files</Filter>
    </ClInclude>
    <ClInclude Include="..\the shootout\GameController.h">
      <Filter>Header Files</Filter>
    </ClInclude>
    <ClInclude Include="..\the shootout\Harta.h">
      <Filter>Header Files</Filter>
    </ClInclude>
    <ClInclude Include="..\the shootout\Katana.h">
      <Filter>Header Files</Filter>
    </ClInclude>
    <ClInclude Include="..\the shootout\Kimono.h">
      <Filter>Header Files</Filter>
    </ClInclude>
    <ClInclude Include="..\the shootout\Ninja.h">
      <Filter>Header Files</Filter>
    </ClInclude>
    <ClInclude Include="..\the shootout\Pistol.h">
      <Filter>Header Files</Filter>
    </ClInclude>
    <ClInclude Include="..\the shootout\Samurai.h">
      <Filter>Header Files</Filter>
    </ClInclude>
    <ClInclude Include="..\the shootout\Shuriken.h">
      <Filter>Header Files</Filter>
    </ClInclude>
    <ClInclude Include="..\the shootout\Temp.h">
      <Filter>Header Files</Filter>
    </ClInclude>
    <ClInclude Include="..\the shootout\VestaAntiglont.h">
      <Filter>Header Files</Filter>
    </ClInclude>
  </ItemGroup>
</Project>